
Microsoft Visual Studio Solution File, Format Version 12.00
# Visual Studio 15
VisualStudioVersion = 15.0.28307.329
MinimumVisualStudioVersion = 10.0.40219.1
Project("{00D1A9C2-B5F0-4AF3-8072-F6C62B433612}") = "sample", "sample\sample.sqlproj", "{97E9CD68-DA28-489A-8508-D8F6D6E38DD9}"
EndProject
Global
	GlobalSection(SolutionConfigurationPlatforms) = preSolution
		Debug|Any CPU = Debug|Any CPU
		Release|Any CPU = Release|Any CPU
	EndGlobalSection
	GlobalSection(ProjectConfigurationPlatforms) = postSolution
		{97E9CD68-DA28-489A-8508-D8F6D6E38DD9}.Debug|Any CPU.ActiveCfg = Debug|Any CPU
		{97E9CD68-DA28-489A-8508-D8F6D6E38DD9}.Debug|Any CPU.Build.0 = Debug|Any CPU
		{97E9CD68-DA28-489A-8508-D8F6D6E38DD9}.Debug|Any CPU.Deploy.0 = Debug|Any CPU
		{97E9CD68-DA28-489A-8508-D8F6D6E38DD9}.Release|Any CPU.ActiveCfg = Release|Any CPU
		{97E9CD68-DA28-489A-8508-D8F6D6E38DD9}.Release|Any CPU.Build.0 = Release|Any CPU
		{97E9CD68-DA28-489A-8508-D8F6D6E38DD9}.Release|Any CPU.Deploy.0 = Release|Any CPU
	EndGlobalSection
	GlobalSection(SolutionProperties) = preSolution
		HideSolutionNode = FALSE
	EndGlobalSection
	GlobalSection(ExtensibilityGlobals) = postSolution
		SolutionGuid = {CE9A0675-34D4-4B0B-ACA2-946AFF040E15}
	EndGlobalSection
EndGlobal
